{
  "name": "cygni",
  "version": "1.0.0",
  "lockfileVersion": 1,
  "requires": true,
  "dependencies": {
    "angular1-ui-bootstrap4": {
      "version": "2.4.22",
      "resolved": "https://registry.npmjs.org/angular1-ui-bootstrap4/-/angular1-ui-bootstrap4-2.4.22.tgz",
      "integrity": "sha1-N4aXQFyVe5b5R/QjIvNmYM0/yI0="
    },
    "bower": {
      "version": "1.8.4",
      "resolved": "https://registry.npmjs.org/bower/-/bower-1.8.4.tgz",
      "integrity": "sha1-54dqB23rgTf30GUl3F6MZtuC8oo="
    },
    "popper.js": {
      "version": "1.14.3",
      "resolved": "https://registry.npmjs.org/popper.js/-/popper.js-1.14.3.tgz",
      "integrity": "sha1-FDj5jQRqz3tNeM1QK/QYrGTU8JU="
    }
  }
}
